// !$*UTF8*$!
{
	archiveVersion = 1;
	classes = {
	};
	objectVersion = 56;
	objects = {

/* Begin PBXBuildFile section */
		D58E72E310275DFF6C15C0C8 /* GlassApp.swift in Sources */ = {isa = PBXBuildFile; fileRef = 30877432D1026706D7E805DA /* GlassApp.swift */; };
		E9DF469611A11F5125227C37 /* RootView.swift in Sources */ = {isa = PBXBuildFile; fileRef = 846A32C3BB81E3C29B621792 /* RootView.swift */; };
		12DA86A78C49EA20E32684B2 /* EnvironmentMode.swift in Sources */ = {isa = PBXBuildFile; fileRef = 73C8EB5BB682575EC87A171A /* EnvironmentMode.swift */; };
		7B95E909348334896A68F812 /* EnvironmentContainerView.swift in Sources */ = {isa = PBXBuildFile; fileRef = C826A6FCE48478DCB74F2134 /* EnvironmentContainerView.swift */; };
		D810A485ED03241B4D419B1B /* PlaceholderEnvironmentView.swift in Sources */ = {isa = PBXBuildFile; fileRef = 5D2CCE8038A39D5E0853964B /* PlaceholderEnvironmentView.swift */; };
		673BD4755D05AD7853C1F76E /* BackgroundView.swift in Sources */ = {isa = PBXBuildFile; fileRef = 50AF03B971722F244F58D669 /* BackgroundView.swift */; };
		B97706CA828BCA0385813DBA /* ModeSelectorView.swift in Sources */ = {isa = PBXBuildFile; fileRef = CBEE3772A077021721A278F6 /* ModeSelectorView.swift */; };
		8F219E9CB0EB53F16947CCF2 /* VoidBlob.swift in Sources */ = {isa = PBXBuildFile; fileRef = A4C123B1612DD272D1371C17 /* VoidBlob.swift */; };
		5EC84D8DBC74254770F58904 /* VoidSimulation.swift in Sources */ = {isa = PBXBuildFile; fileRef = 149D439536B3216FDAEEB975 /* VoidSimulation.swift */; };
		DBA41ECCCC3FC1626E53A130 /* VoidEnvironmentView.swift in Sources */ = {isa = PBXBuildFile; fileRef = 729FAE923D5A4FD12AABFE22 /* VoidEnvironmentView.swift */; };
		D3C681D06BD2AA399DAC946D /* Assets.xcassets in Resources */ = {isa = PBXBuildFile; fileRef = 4F7FD633DBDDE131CA3766E4 /* Assets.xcassets */; };
/* End PBXBuildFile section */

/* Begin PBXFileReference section */
		30877432D1026706D7E805DA /* GlassApp.swift */ = {isa = PBXFileReference; lastKnownFileType = sourcecode.swift; path = GlassApp.swift; sourceTree = "<group>"; };
		846A32C3BB81E3C29B621792 /* RootView.swift */ = {isa = PBXFileReference; lastKnownFileType = sourcecode.swift; path = RootView.swift; sourceTree = "<group>"; };
		73C8EB5BB682575EC87A171A /* EnvironmentMode.swift */ = {isa = PBXFileReference; lastKnownFileType = sourcecode.swift; path = EnvironmentMode.swift; sourceTree = "<group>"; };
		C826A6FCE48478DCB74F2134 /* EnvironmentContainerView.swift */ = {isa = PBXFileReference; lastKnownFileType = sourcecode.swift; path = EnvironmentContainerView.swift; sourceTree = "<group>"; };
		5D2CCE8038A39D5E0853964B /* PlaceholderEnvironmentView.swift */ = {isa = PBXFileReference; lastKnownFileType = sourcecode.swift; path = PlaceholderEnvironmentView.swift; sourceTree = "<group>"; };
		50AF03B971722F244F58D669 /* BackgroundView.swift */ = {isa = PBXFileReference; lastKnownFileType = sourcecode.swift; path = BackgroundView.swift; sourceTree = "<group>"; };
		CBEE3772A077021721A278F6 /* ModeSelectorView.swift */ = {isa = PBXFileReference; lastKnownFileType = sourcecode.swift; path = ModeSelectorView.swift; sourceTree = "<group>"; };
		A4C123B1612DD272D1371C17 /* VoidBlob.swift */ = {isa = PBXFileReference; lastKnownFileType = sourcecode.swift; path = VoidBlob.swift; sourceTree = "<group>"; };
		149D439536B3216FDAEEB975 /* VoidSimulation.swift */ = {isa = PBXFileReference; lastKnownFileType = sourcecode.swift; path = VoidSimulation.swift; sourceTree = "<group>"; };
		729FAE923D5A4FD12AABFE22 /* VoidEnvironmentView.swift */ = {isa = PBXFileReference; lastKnownFileType = sourcecode.swift; path = VoidEnvironmentView.swift; sourceTree = "<group>"; };
		4F7FD633DBDDE131CA3766E4 /* Assets.xcassets */ = {isa = PBXFileReference; lastKnownFileType = folder.assetcatalog; path = Assets.xcassets; sourceTree = "<group>"; };
		C59C0996DAEEE6F529A27976 /* Glass.app */ = {isa = PBXFileReference; explicitFileType = wrapper.application; includeInIndex = 0; path = Glass.app; sourceTree = BUILT_PRODUCTS_DIR; };
/* End PBXFileReference section */

/* Begin PBXFrameworksBuildPhase section */
		297C79BFBDABE898736A3566 /* Frameworks */ = {
			isa = PBXFrameworksBuildPhase;
			buildActionMask = 2147483647;
			files = (
			);
			runOnlyForDeploymentPostprocessing = 0;
		};
/* End PBXFrameworksBuildPhase section */

/* Begin PBXGroup section */
		4017F2ED6CFC7403D75E173E = {
			isa = PBXGroup;
			children = (
				4EAEDE5FE878F78E2978AA24 /* Glass */,
				6EAAC8D82F01B7210760474F /* Products */,
			);
			sourceTree = "<group>";
		};
		4EAEDE5FE878F78E2978AA24 /* Glass */ = {
			isa = PBXGroup;
			children = (
				30877432D1026706D7E805DA /* GlassApp.swift */,
				846A32C3BB81E3C29B621792 /* RootView.swift */,
				47C462DDAED16DC0CF0B9CD7 /* Environments */,
				F78DF0CAC5E40C02D4E518CA /* UI */,
				4F7FD633DBDDE131CA3766E4 /* Assets.xcassets */,
			);
			path = Glass;
			sourceTree = "<group>";
		};
		47C462DDAED16DC0CF0B9CD7 /* Environments */ = {
			isa = PBXGroup;
			children = (
				73C8EB5BB682575EC87A171A /* EnvironmentMode.swift */,
				C826A6FCE48478DCB74F2134 /* EnvironmentContainerView.swift */,
				5D2CCE8038A39D5E0853964B /* PlaceholderEnvironmentView.swift */,
				43B026C48BBF33FEFF9243A8 /* Void */,
			);
			path = Environments;
			sourceTree = "<group>";
		};
		43B026C48BBF33FEFF9243A8 /* Void */ = {
			isa = PBXGroup;
			children = (
				A4C123B1612DD272D1371C17 /* VoidBlob.swift */,
				149D439536B3216FDAEEB975 /* VoidSimulation.swift */,
				729FAE923D5A4FD12AABFE22 /* VoidEnvironmentView.swift */,
			);
			path = Void;
			sourceTree = "<group>";
		};
		F78DF0CAC5E40C02D4E518CA /* UI */ = {
			isa = PBXGroup;
			children = (
				50AF03B971722F244F58D669 /* BackgroundView.swift */,
				CBEE3772A077021721A278F6 /* ModeSelectorView.swift */,
			);
			path = UI;
			sourceTree = "<group>";
		};
		6EAAC8D82F01B7210760474F /* Products */ = {
			isa = PBXGroup;
			children = (
				C59C0996DAEEE6F529A27976 /* Glass.app */,
			);
			name = Products;
			sourceTree = "<group>";
		};
/* End PBXGroup section */

/* Begin PBXNativeTarget section */
		36E8B5359309CC6273931BDB /* Glass */ = {
			isa = PBXNativeTarget;
			buildConfigurationList = 9136682575250DEF91799E27 /* Build configuration list for PBXNativeTarget "Glass" */;
			buildPhases = (
				CA0FA5F6B8A880627DF7FFE0 /* Sources */,
				297C79BFBDABE898736A3566 /* Frameworks */,
				F893697B590481194F309FFE /* Resources */,
			);
			buildRules = (
			);
			dependencies = (
			);
			name = Glass;
			productName = Glass;
			productReference = C59C0996DAEEE6F529A27976 /* Glass.app */;
			productType = "com.apple.product-type.application";
		};
/* End PBXNativeTarget section */

/* Begin PBXProject section */
		2A0DF3DBE4D58FED8A728E7E /* Project object */ = {
			isa = PBXProject;
			attributes = {
				BuildIndependentTargetsInParallel = 1;
				LastSwiftUpdateCheck = 1620;
				LastUpgradeCheck = 1620;
				TargetAttributes = {
					36E8B5359309CC6273931BDB = {
						CreatedOnToolsVersion = 16.2;
					};
				};
			};
			buildConfigurationList = A518F32CF21449273D7CEE9D /* Build configuration list for PBXProject "Glass" */;
			compatibilityVersion = "Xcode 14.0";
			developmentRegion = en;
			hasScannedForEncodings = 0;
			knownRegions = (
				en,
				Base,
			);
			mainGroup = 4017F2ED6CFC7403D75E173E;
			productRefGroup = 6EAAC8D82F01B7210760474F /* Products */;
			projectDirPath = "";
			projectRoot = "";
			targets = (
				36E8B5359309CC6273931BDB /* Glass */,
			);
		};
/* End PBXProject section */

/* Begin PBXResourcesBuildPhase section */
		F893697B590481194F309FFE /* Resources */ = {
			isa = PBXResourcesBuildPhase;
			buildActionMask = 2147483647;
			files = (
				D3C681D06BD2AA399DAC946D /* Assets.xcassets in Resources */,
			);
			runOnlyForDeploymentPostprocessing = 0;
		};
/* End PBXResourcesBuildPhase section */

/* Begin PBXSourcesBuildPhase section */
		CA0FA5F6B8A880627DF7FFE0 /* Sources */ = {
			isa = PBXSourcesBuildPhase;
			buildActionMask = 2147483647;
			files = (
				D58E72E310275DFF6C15C0C8 /* GlassApp.swift in Sources */,
				E9DF469611A11F5125227C37 /* RootView.swift in Sources */,
				12DA86A78C49EA20E32684B2 /* EnvironmentMode.swift in Sources */,
				7B95E909348334896A68F812 /* EnvironmentContainerView.swift in Sources */,
				D810A485ED03241B4D419B1B /* PlaceholderEnvironmentView.swift in Sources */,
				673BD4755D05AD7853C1F76E /* BackgroundView.swift in Sources */,
				B97706CA828BCA0385813DBA /* ModeSelectorView.swift in Sources */,
				8F219E9CB0EB53F16947CCF2 /* VoidBlob.swift in Sources */,
				5EC84D8DBC74254770F58904 /* VoidSimulation.swift in Sources */,
				DBA41ECCCC3FC1626E53A130 /* VoidEnvironmentView.swift in Sources */,
			);
			runOnlyForDeploymentPostprocessing = 0;
		};
/* End PBXSourcesBuildPhase section */

/* Begin XCBuildConfiguration section */
		86D3748421599E3E9C8FE21D /* Debug */ = {
			isa = XCBuildConfiguration;
			buildSettings = {
				ALWAYS_SEARCH_USER_PATHS = NO;
				ASSETCATALOG_COMPILER_GENERATE_SWIFT_ASSET_SYMBOL_EXTENSIONS = YES;
				CLANG_ANALYZER_NONNULL = YES;
				CLANG_ANALYZER_NUMBER_OBJECT_CONVERSION = YES_AGGRESSIVE;
				CLANG_CXX_LANGUAGE_STANDARD = "gnu++20";
				CLANG_ENABLE_MODULES = YES;
				CLANG_ENABLE_OBJC_ARC = YES;
				CLANG_ENABLE_OBJC_WEAK = YES;
				CLANG_WARN_BLOCK_CAPTURE_AUTORELEASING = YES;
				CLANG_WARN_BOOL_CONVERSION = YES;
				CLANG_WARN_COMMA = YES;
				CLANG_WARN_CONSTANT_CONVERSION = YES;
				CLANG_WARN_DEPRECATED_OBJC_IMPLEMENTATIONS = YES;
				CLANG_WARN_DIRECT_OBJC_ISA_USAGE = YES_ERROR;
				CLANG_WARN_DOCUMENTATION_COMMENTS = YES;
				CLANG_WARN_EMPTY_BODY = YES;
				CLANG_WARN_ENUM_CONVERSION = YES;
				CLANG_WARN_INFINITE_RECURSION = YES;
				CLANG_WARN_INT_CONVERSION = YES;
				CLANG_WARN_NON_LITERAL_NULL_CONVERSION = YES;
				CLANG_WARN_OBJC_IMPLICIT_RETAIN_SELF = YES;
				CLANG_WARN_OBJC_LITERAL_CONVERSION = YES;
				CLANG_WARN_OBJC_ROOT_CLASS = YES_ERROR;
				CLANG_WARN_QUOTED_INCLUDE_IN_FRAMEWORK_HEADER = YES;
				CLANG_WARN_RANGE_LOOP_ANALYSIS = YES;
				CLANG_WARN_STRICT_PROTOTYPES = YES;
				CLANG_WARN_SUSPICIOUS_MOVE = YES;
				CLANG_WARN_UNGUARDED_AVAILABILITY = YES_AGGRESSIVE;
				CLANG_WARN_UNREACHABLE_CODE = YES;
				CLANG_WARN__DUPLICATE_METHOD_MATCH = YES;
				COPY_PHASE_STRIP = NO;
				DEBUG_INFORMATION_FORMAT = dwarf;
				ENABLE_STRICT_OBJC_MSGSEND = YES;
				ENABLE_TESTABILITY = YES;
				ENABLE_USER_SCRIPT_SANDBOXING = YES;
				GCC_C_LANGUAGE_STANDARD = gnu17;
				GCC_DYNAMIC_NO_PIC = NO;
				GCC_NO_COMMON_BLOCKS = YES;
				GCC_OPTIMIZATION_LEVEL = 0;
				GCC_PREPROCESSOR_DEFINITIONS = (
					"DEBUG=1",
					"$(inherited)",
				);
				GCC_WARN_64_TO_32_BIT_CONVERSION = YES;
				GCC_WARN_ABOUT_RETURN_TYPE = YES_ERROR;
				GCC_WARN_UNDECLARED_SELECTOR = YES;
				GCC_WARN_UNINITIALIZED_AUTOS = YES_AGGRESSIVE;
				GCC_WARN_UNUSED_FUNCTION = YES;
				GCC_WARN_UNUSED_VARIABLE = YES;
				IPHONEOS_DEPLOYMENT_TARGET = 26.0;
				LOCALIZATION_PREFERS_STRING_CATALOGS = YES;
				MTL_ENABLE_DEBUG_INFO = INCLUDE_SOURCE;
				MTL_FAST_MATH = YES;
				ONLY_ACTIVE_ARCH = YES;
				SDKROOT = iphoneos;
				SWIFT_ACTIVE_COMPILATION_CONDITIONS = "DEBUG $(inherited)";
				SWIFT_OPTIMIZATION_LEVEL = "-Onone";
				SWIFT_VERSION = 5.0;
			};
			name = Debug;
		};
		A80270815FE85DF2FBDAA35A /* Release */ = {
			isa = XCBuildConfiguration;
			buildSettings = {
				ALWAYS_SEARCH_USER_PATHS = NO;
				ASSETCATALOG_COMPILER_GENERATE_SWIFT_ASSET_SYMBOL_EXTENSIONS = YES;
				CLANG_ANALYZER_NONNULL = YES;
				CLANG_ANALYZER_NUMBER_OBJECT_CONVERSION = YES_AGGRESSIVE;
				CLANG_CXX_LANGUAGE_STANDARD = "gnu++20";
				CLANG_ENABLE_MODULES = YES;
				CLANG_ENABLE_OBJC_ARC = YES;
				CLANG_ENABLE_OBJC_WEAK = YES;
				CLANG_WARN_BLOCK_CAPTURE_AUTORELEASING = YES;
				CLANG_WARN_BOOL_CONVERSION = YES;
				CLANG_WARN_COMMA = YES;
				CLANG_WARN_CONSTANT_CONVERSION = YES;
				CLANG_WARN_DEPRECATED_OBJC_IMPLEMENTATIONS = YES;
				CLANG_WARN_DIRECT_OBJC_ISA_USAGE = YES_ERROR;
				CLANG_WARN_DOCUMENTATION_COMMENTS = YES;
				CLANG_WARN_EMPTY_BODY = YES;
				CLANG_WARN_ENUM_CONVERSION = YES;
				CLANG_WARN_INFINITE_RECURSION = YES;
				CLANG_WARN_INT_CONVERSION = YES;
				CLANG_WARN_NON_LITERAL_NULL_CONVERSION = YES;
				CLANG_WARN_OBJC_IMPLICIT_RETAIN_SELF = YES;
				CLANG_WARN_OBJC_LITERAL_CONVERSION = YES;
				CLANG_WARN_OBJC_ROOT_CLASS = YES_ERROR;
				CLANG_WARN_QUOTED_INCLUDE_IN_FRAMEWORK_HEADER = YES;
				CLANG_WARN_RANGE_LOOP_ANALYSIS = YES;
				CLANG_WARN_STRICT_PROTOTYPES = YES;
				CLANG_WARN_SUSPICIOUS_MOVE = YES;
				CLANG_WARN_UNGUARDED_AVAILABILITY = YES_AGGRESSIVE;
				CLANG_WARN_UNREACHABLE_CODE = YES;
				CLANG_WARN__DUPLICATE_METHOD_MATCH = YES;
				COPY_PHASE_STRIP = NO;
				DEBUG_INFORMATION_FORMAT = "dwarf-with-dsym";
				ENABLE_NS_ASSERTIONS = NO;
				ENABLE_STRICT_OBJC_MSGSEND = YES;
				ENABLE_USER_SCRIPT_SANDBOXING = YES;
				GCC_C_LANGUAGE_STANDARD = gnu17;
				GCC_NO_COMMON_BLOCKS = YES;
				GCC_WARN_64_TO_32_BIT_CONVERSION = YES;
				GCC_WARN_ABOUT_RETURN_TYPE = YES_ERROR;
				GCC_WARN_UNDECLARED_SELECTOR = YES;
				GCC_WARN_UNINITIALIZED_AUTOS = YES_AGGRESSIVE;
				GCC_WARN_UNUSED_FUNCTION = YES;
				GCC_WARN_UNUSED_VARIABLE = YES;
				IPHONEOS_DEPLOYMENT_TARGET = 26.0;
				LOCALIZATION_PREFERS_STRING_CATALOGS = YES;
				MTL_ENABLE_DEBUG_INFO = NO;
				MTL_FAST_MATH = YES;
				SDKROOT = iphoneos;
				SWIFT_COMPILATION_MODE = wholemodule;
				SWIFT_VERSION = 5.0;
				VALIDATE_PRODUCT = YES;
			};
			name = Release;
		};
		DF9C1E2A8A3C0ED16BFE1684 /* Debug */ = {
			isa = XCBuildConfiguration;
			buildSettings = {
				ASSETCATALOG_COMPILER_GLOBAL_ACCENT_COLOR_NAME = AccentColor;
				CODE_SIGN_STYLE = Automatic;
				CURRENT_PROJECT_VERSION = 1;
				ENABLE_PREVIEWS = YES;
				GENERATE_INFOPLIST_FILE = YES;
				INFOPLIST_KEY_UIApplicationSceneManifest_Generation = YES;
				INFOPLIST_KEY_UIApplicationSupportsIndeterminateOrientation = NO;
				INFOPLIST_KEY_UILaunchScreen_Generation = YES;
				INFOPLIST_KEY_UIRequiresFullScreen = YES;
				INFOPLIST_KEY_UIStatusBarHidden = YES;
				INFOPLIST_KEY_UISupportedInterfaceOrientations = UIInterfaceOrientationPortrait;
				INFOPLIST_KEY_UIUserInterfaceStyle = Dark;
				IPHONEOS_DEPLOYMENT_TARGET = 26.0;
				LD_RUNPATH_SEARCH_PATHS = (
					"$(inherited)",
					"@executable_path/Frameworks",
				);
				MARKETING_VERSION = 1.0;
				PRODUCT_BUNDLE_IDENTIFIER = com.azm.glass;
				PRODUCT_NAME = "$(TARGET_NAME)";
				SWIFT_EMIT_LOC_STRINGS = YES;
				SWIFT_VERSION = 5.0;
				TARGETED_DEVICE_FAMILY = 1;
			};
			name = Debug;
		};
		9EF307590D273E34F98DFF7E /* Release */ = {
			isa = XCBuildConfiguration;
			buildSettings = {
				ASSETCATALOG_COMPILER_GLOBAL_ACCENT_COLOR_NAME = AccentColor;
				CODE_SIGN_STYLE = Automatic;
				CURRENT_PROJECT_VERSION = 1;
				ENABLE_PREVIEWS = YES;
				GENERATE_INFOPLIST_FILE = YES;
				INFOPLIST_KEY_UIApplicationSceneManifest_Generation = YES;
				INFOPLIST_KEY_UIApplicationSupportsIndeterminateOrientation = NO;
				INFOPLIST_KEY_UILaunchScreen_Generation = YES;
				INFOPLIST_KEY_UIRequiresFullScreen = YES;
				INFOPLIST_KEY_UIStatusBarHidden = YES;
				INFOPLIST_KEY_UISupportedInterfaceOrientations = UIInterfaceOrientationPortrait;
				INFOPLIST_KEY_UIUserInterfaceStyle = Dark;
				IPHONEOS_DEPLOYMENT_TARGET = 26.0;
				LD_RUNPATH_SEARCH_PATHS = (
					"$(inherited)",
					"@executable_path/Frameworks",
				);
				MARKETING_VERSION = 1.0;
				PRODUCT_BUNDLE_IDENTIFIER = com.azm.glass;
				PRODUCT_NAME = "$(TARGET_NAME)";
				SWIFT_EMIT_LOC_STRINGS = YES;
				SWIFT_VERSION = 5.0;
				TARGETED_DEVICE_FAMILY = 1;
			};
			name = Release;
		};
/* End XCBuildConfiguration section */

/* Begin XCConfigurationList section */
		A518F32CF21449273D7CEE9D /* Build configuration list for PBXProject "Glass" */ = {
			isa = XCConfigurationList;
			buildConfigurations = (
				86D3748421599E3E9C8FE21D /* Debug */,
				A80270815FE85DF2FBDAA35A /* Release */,
			);
			defaultConfigurationIsVisible = 0;
			defaultConfigurationName = Release;
		};
		9136682575250DEF91799E27 /* Build configuration list for PBXNativeTarget "Glass" */ = {
			isa = XCConfigurationList;
			buildConfigurations = (
				DF9C1E2A8A3C0ED16BFE1684 /* Debug */,
				9EF307590D273E34F98DFF7E /* Release */,
			);
			defaultConfigurationIsVisible = 0;
			defaultConfigurationName = Release;
		};
/* End XCConfigurationList section */
	};
	rootObject = 2A0DF3DBE4D58FED8A728E7E /* Project object */;
}
